// !$*UTF8*$!
{
	archiveVersion = 1;
	classes = {
	};
	objectVersion = 50;
	objects = {

/* Begin PBXBuildFile section */
		48894E4D213DCEB6001B13A8 /* AppDelegate.m in Sources */ = {isa = PBXBuildFile; fileRef = 48894E4C213DCEB6001B13A8 /* AppDelegate.m */; };
		48894E53213DCEB7001B13A8 /* Main.storyboard in Resources */ = {isa = PBXBuildFile; fileRef = 48894E51213DCEB7001B13A8 /* Main.storyboard */; };
		48894E55213DCEB8001B13A8 /* Assets.xcassets in Resources */ = {isa = PBXBuildFile; fileRef = 48894E54213DCEB8001B13A8 /* Assets.xcassets */; };
		48894E58213DCEB8001B13A8 /* LaunchScreen.storyboard in Resources */ = {isa = PBXBuildFile; fileRef = 48894E56213DCEB8001B13A8 /* LaunchScreen.storyboard */; };
		48894E5B213DCEB9001B13A8 /* main.m in Sources */ = {isa = PBXBuildFile; fileRef = 48894E5A213DCEB9001B13A8 /* main.m */; };
		48894E66213DCFDB001B13A8 /* itemMaintenance.m in Sources */ = {isa = PBXBuildFile; fileRef = 48894E65213DCFDB001B13A8 /* itemMaintenance.m */; };
		48894E69213DD3E3001B13A8 /* sendItemInfo.m in Sources */ = {isa = PBXBuildFile; fileRef = 48894E68213DD3E3001B13A8 /* sendItemInfo.m */; };
		48894E6C213DD40A001B13A8 /* sendItemModel.m in Sources */ = {isa = PBXBuildFile; fileRef = 48894E6B213DD40A001B13A8 /* sendItemModel.m */; };
/* End PBXBuildFile section */

/* Begin PBXFileReference section */
		48894E48213DCEB6001B13A8 /* Maintain items.app */ = {isa = PBXFileReference; explicitFileType = wrapper.application; includeInIndex = 0; path = "Maintain items.app"; sourceTree = BUILT_PRODUCTS_DIR; };
		48894E4B213DCEB6001B13A8 /* AppDelegate.h */ = {isa = PBXFileReference; lastKnownFileType = sourcecode.c.h; path = AppDelegate.h; sourceTree = "<group>"; };
		48894E4C213DCEB6001B13A8 /* AppDelegate.m */ = {isa = PBXFileReference; lastKnownFileType = sourcecode.c.objc; path = AppDelegate.m; sourceTree = "<group>"; };
		48894E52213DCEB7001B13A8 /* Base */ = {isa = PBXFileReference; lastKnownFileType = file.storyboard; name = Base; path = Base.lproj/Main.storyboard; sourceTree = "<group>"; };
		48894E54213DCEB8001B13A8 /* Assets.xcassets */ = {isa = PBXFileReference; lastKnownFileType = folder.assetcatalog; path = Assets.xcassets; sourceTree = "<group>"; };
		48894E57213DCEB8001B13A8 /* Base */ = {isa = PBXFileReference; lastKnownFileType = file.storyboard; name = Base; path = Base.lproj/LaunchScreen.storyboard; sourceTree = "<group>"; };
		48894E59213DCEB8001B13A8 /* Info.plist */ = {isa = PBXFileReference; lastKnownFileType = text.plist.xml; path = Info.plist; sourceTree = "<group>"; };
		48894E5A213DCEB9001B13A8 /* main.m */ = {isa = PBXFileReference; lastKnownFileType = sourcecode.c.objc; path = main.m; sourceTree = "<group>"; };
		48894E64213DCFDB001B13A8 /* itemMaintenance.h */ = {isa = PBXFileReference; lastKnownFileType = sourcecode.c.h; path = itemMaintenance.h; sourceTree = "<group>"; };
		48894E65213DCFDB001B13A8 /* itemMaintenance.m */ = {isa = PBXFileReference; lastKnownFileType = sourcecode.c.objc; path = itemMaintenance.m; sourceTree = "<group>"; };
		48894E67213DD3E3001B13A8 /* sendItemInfo.h */ = {isa = PBXFileReference; lastKnownFileType = sourcecode.c.h; path = sendItemInfo.h; sourceTree = "<group>"; };
		48894E68213DD3E3001B13A8 /* sendItemInfo.m */ = {isa = PBXFileReference; lastKnownFileType = sourcecode.c.objc; path = sendItemInfo.m; sourceTree = "<group>"; };
		48894E6A213DD40A001B13A8 /* sendItemModel.h */ = {isa = PBXFileReference; lastKnownFileType = sourcecode.c.h; path = sendItemModel.h; sourceTree = "<group>"; };
		48894E6B213DD40A001B13A8 /* sendItemModel.m */ = {isa = PBXFileReference; lastKnownFileType = sourcecode.c.objc; path = sendItemModel.m; sourceTree = "<group>"; };
/* End PBXFileReference section */

/* Begin PBXFrameworksBuildPhase section */
		48894E45213DCEB6001B13A8 /* Frameworks */ = {
			isa = PBXFrameworksBuildPhase;
			buildActionMask = 2147483647;
			files = (
			);
			runOnlyForDeploymentPostprocessing = 0;
		};
/* End PBXFrameworksBuildPhase section */

/* Begin PBXGroup section */
		48894E3F213DCEB6001B13A8 = {
			isa = PBXGroup;
			children = (
				48894E4A213DCEB6001B13A8 /* Maintain items */,
				48894E49213DCEB6001B13A8 /* Products */,
			);
			sourceTree = "<group>";
		};
		48894E49213DCEB6001B13A8 /* Products */ = {
			isa = PBXGroup;
			children = (
				48894E48213DCEB6001B13A8 /* Maintain items.app */,
			);
			name = Products;
			sourceTree = "<group>";
		};
		48894E4A213DCEB6001B13A8 /* Maintain items */ = {
			isa = PBXGroup;
			children = (
				48894E63213DCF1F001B13A8 /* View Controllers */,
				48894E62213DCF0F001B13A8 /* Web services */,
				48894E4B213DCEB6001B13A8 /* AppDelegate.h */,
				48894E4C213DCEB6001B13A8 /* AppDelegate.m */,
				48894E51213DCEB7001B13A8 /* Main.storyboard */,
				48894E54213DCEB8001B13A8 /* Assets.xcassets */,
				48894E56213DCEB8001B13A8 /* LaunchScreen.storyboard */,
				48894E59213DCEB8001B13A8 /* Info.plist */,
				48894E5A213DCEB9001B13A8 /* main.m */,
			);
			path = "Maintain items";
			sourceTree = "<group>";
		};
		48894E62213DCF0F001B13A8 /* Web services */ = {
			isa = PBXGroup;
			children = (
				48894E67213DD3E3001B13A8 /* sendItemInfo.h */,
				48894E68213DD3E3001B13A8 /* sendItemInfo.m */,
				48894E6A213DD40A001B13A8 /* sendItemModel.h */,
				48894E6B213DD40A001B13A8 /* sendItemModel.m */,
			);
			path = "Web services";
			sourceTree = "<group>";
		};
		48894E63213DCF1F001B13A8 /* View Controllers */ = {
			isa = PBXGroup;
			children = (
				48894E64213DCFDB001B13A8 /* itemMaintenance.h */,
				48894E65213DCFDB001B13A8 /* itemMaintenance.m */,
			);
			path = "View Controllers";
			sourceTree = "<group>";
		};
/* End PBXGroup section */

/* Begin PBXNativeTarget section */
		48894E47213DCEB6001B13A8 /* Maintain items */ = {
			isa = PBXNativeTarget;
			buildConfigurationList = 48894E5E213DCEB9001B13A8 /* Build configuration list for PBXNativeTarget "Maintain items" */;
			buildPhases = (
				48894E44213DCEB6001B13A8 /* Sources */,
				48894E45213DCEB6001B13A8 /* Frameworks */,
				48894E46213DCEB6001B13A8 /* Resources */,
			);
			buildRules = (
			);
			dependencies = (
			);
			name = "Maintain items";
			productName = "Maintain items";
			productReference = 48894E48213DCEB6001B13A8 /* Maintain items.app */;
			productType = "com.apple.product-type.application";
		};
/* End PBXNativeTarget section */

/* Begin PBXProject section */
		48894E40213DCEB6001B13A8 /* Project object */ = {
			isa = PBXProject;
			attributes = {
				LastUpgradeCheck = 0940;
				ORGANIZATIONNAME = "Smash Alley, LLC";
				TargetAttributes = {
					48894E47213DCEB6001B13A8 = {
						CreatedOnToolsVersion = 9.4.1;
					};
				};
			};
			buildConfigurationList = 48894E43213DCEB6001B13A8 /* Build configuration list for PBXProject "Maintain items" */;
			compatibilityVersion = "Xcode 9.3";
			developmentRegion = en;
			hasScannedForEncodings = 0;
			knownRegions = (
				en,
				Base,
			);
			mainGroup = 48894E3F213DCEB6001B13A8;
			productRefGroup = 48894E49213DCEB6001B13A8 /* Products */;
			projectDirPath = "";
			projectRoot = "";
			targets = (
				48894E47213DCEB6001B13A8 /* Maintain items */,
			);
		};
/* End PBXProject section */

/* Begin PBXResourcesBuildPhase section */
		48894E46213DCEB6001B13A8 /* Resources */ = {
			isa = PBXResourcesBuildPhase;
			buildActionMask = 2147483647;
			files = (
				48894E58213DCEB8001B13A8 /* LaunchScreen.storyboard in Resources */,
				48894E55213DCEB8001B13A8 /* Assets.xcassets in Resources */,
				48894E53213DCEB7001B13A8 /* Main.storyboard in Resources */,
			);
			runOnlyForDeploymentPostprocessing = 0;
		};
/* End PBXResourcesBuildPhase section */

/* Begin PBXSourcesBuildPhase section */
		48894E44213DCEB6001B13A8 /* Sources */ = {
			isa = PBXSourcesBuildPhase;
			buildActionMask = 2147483647;
			files = (
				48894E5B213DCEB9001B13A8 /* main.m in Sources */,
				48894E6C213DD40A001B13A8 /* sendItemModel.m in Sources */,
				48894E66213DCFDB001B13A8 /* itemMaintenance.m in Sources */,
				48894E69213DD3E3001B13A8 /* sendItemInfo.m in Sources */,
				48894E4D213DCEB6001B13A8 /* AppDelegate.m in Sources */,
			);
			runOnlyForDeploymentPostprocessing = 0;
		};
/* End PBXSourcesBuildPhase section */

/* Begin PBXVariantGroup section */
		48894E51213DCEB7001B13A8 /* Main.storyboard */ = {
			isa = PBXVariantGroup;
			children = (
				48894E52213DCEB7001B13A8 /* Base */,
			);
			name = Main.storyboard;
			sourceTree = "<group>";
		};
		48894E56213DCEB8001B13A8 /* LaunchScreen.storyboard */ = {
			isa = PBXVariantGroup;
			children = (
				48894E57213DCEB8001B13A8 /* Base */,
			);
			name = LaunchScreen.storyboard;
			sourceTree = "<group>";
		};
/* End PBXVariantGroup section */

/* Begin XCBuildConfiguration section */
		48894E5C213DCEB9001B13A8 /* Debug */ = {
			isa = XCBuildConfiguration;
			buildSettings = {
				ALWAYS_SEARCH_USER_PATHS = NO;
				CLANG_ANALYZER_NONNULL = YES;
				CLANG_ANALYZER_NUMBER_OBJECT_CONVERSION = YES_AGGRESSIVE;
				CLANG_CXX_LANGUAGE_STANDARD = "gnu++14";
				CLANG_CXX_LIBRARY = "libc++";
				CLANG_ENABLE_MODULES = YES;
				CLANG_ENABLE_OBJC_ARC = YES;
				CLANG_ENABLE_OBJC_WEAK = YES;
				CLANG_WARN_BLOCK_CAPTURE_AUTORELEASING = YES;
				CLANG_WARN_BOOL_CONVERSION = YES;
				CLANG_WARN_COMMA = YES;
				CLANG_WARN_CONSTANT_CONVERSION = YES;
				CLANG_WARN_DEPRECATED_OBJC_IMPLEMENTATIONS = YES;
				CLANG_WARN_DIRECT_OBJC_ISA_USAGE = YES_ERROR;
				CLANG_WARN_DOCUMENTATION_COMMENTS = YES;
				CLANG_WARN_EMPTY_BODY = YES;
				CLANG_WARN_ENUM_CONVERSION = YES;
				CLANG_WARN_INFINITE_RECURSION = YES;
				CLANG_WARN_INT_CONVERSION = YES;
				CLANG_WARN_NON_LITERAL_NULL_CONVERSION = YES;
				CLANG_WARN_OBJC_IMPLICIT_RETAIN_SELF = YES;
				CLANG_WARN_OBJC_LITERAL_CONVERSION = YES;
				CLANG_WARN_OBJC_ROOT_CLASS = YES_ERROR;
				CLANG_WARN_RANGE_LOOP_ANALYSIS = YES;
				CLANG_WARN_STRICT_PROTOTYPES = YES;
				CLANG_WARN_SUSPICIOUS_MOVE = YES;
				CLANG_WARN_UNGUARDED_AVAILABILITY = YES_AGGRESSIVE;
				CLANG_WARN_UNREACHABLE_CODE = YES;
				CLANG_WARN__DUPLICATE_METHOD_MATCH = YES;
				CODE_SIGN_IDENTITY = "iPhone Developer";
				COPY_PHASE_STRIP = NO;
				DEBUG_INFORMATION_FORMAT = dwarf;
				ENABLE_STRICT_OBJC_MSGSEND = YES;
				ENABLE_TESTABILITY = YES;
				GCC_C_LANGUAGE_STANDARD = gnu11;
				GCC_DYNAMIC_NO_PIC = NO;
				GCC_NO_COMMON_BLOCKS = YES;
				GCC_OPTIMIZATION_LEVEL = 0;
				GCC_PREPROCESSOR_DEFINITIONS = (
					"DEBUG=1",
					"$(inherited)",
				);
				GCC_WARN_64_TO_32_BIT_CONVERSION = YES;
				GCC_WARN_ABOUT_RETURN_TYPE = YES_ERROR;
				GCC_WARN_UNDECLARED_SELECTOR = YES;
				GCC_WARN_UNINITIALIZED_AUTOS = YES_AGGRESSIVE;
				GCC_WARN_UNUSED_FUNCTION = YES;
				GCC_WARN_UNUSED_VARIABLE = YES;
				IPHONEOS_DEPLOYMENT_TARGET = 11.4;
				MTL_ENABLE_DEBUG_INFO = YES;
				ONLY_ACTIVE_ARCH = YES;
				SDKROOT = iphoneos;
			};
			name = Debug;
		};
		48894E5D213DCEB9001B13A8 /* Release */ = {
			isa = XCBuildConfiguration;
			buildSettings = {
				ALWAYS_SEARCH_USER_PATHS = NO;
				CLANG_ANALYZER_NONNULL = YES;
				CLANG_ANALYZER_NUMBER_OBJECT_CONVERSION = YES_AGGRESSIVE;
				CLANG_CXX_LANGUAGE_STANDARD = "gnu++14";
				CLANG_CXX_LIBRARY = "libc++";
				CLANG_ENABLE_MODULES = YES;
				CLANG_ENABLE_OBJC_ARC = YES;
				CLANG_ENABLE_OBJC_WEAK = YES;
				CLANG_WARN_BLOCK_CAPTURE_AUTORELEASING = YES;
				CLANG_WARN_BOOL_CONVERSION = YES;
				CLANG_WARN_COMMA = YES;
				CLANG_WARN_CONSTANT_CONVERSION = YES;
				CLANG_WARN_DEPRECATED_OBJC_IMPLEMENTATIONS = YES;
				CLANG_WARN_DIRECT_OBJC_ISA_USAGE = YES_ERROR;
				CLANG_WARN_DOCUMENTATION_COMMENTS = YES;
				CLANG_WARN_EMPTY_BODY = YES;
				CLANG_WARN_ENUM_CONVERSION = YES;
				CLANG_WARN_INFINITE_RECURSION = YES;
				CLANG_WARN_INT_CONVERSION = YES;
				CLANG_WARN_NON_LITERAL_NULL_CONVERSION = YES;
				CLANG_WARN_OBJC_IMPLICIT_RETAIN_SELF = YES;
				CLANG_WARN_OBJC_LITERAL_CONVERSION = YES;
				CLANG_WARN_OBJC_ROOT_CLASS = YES_ERROR;
				CLANG_WARN_RANGE_LOOP_ANALYSIS = YES;
				CLANG_WARN_STRICT_PROTOTYPES = YES;
				CLANG_WARN_SUSPICIOUS_MOVE = YES;
				CLANG_WARN_UNGUARDED_AVAILABILITY = YES_AGGRESSIVE;
				CLANG_WARN_UNREACHABLE_CODE = YES;
				CLANG_WARN__DUPLICATE_METHOD_MATCH = YES;
				CODE_SIGN_IDENTITY = "iPhone Developer";
				COPY_PHASE_STRIP = NO;
				DEBUG_INFORMATION_FORMAT = "dwarf-with-dsym";
				ENABLE_NS_ASSERTIONS = NO;
				ENABLE_STRICT_OBJC_MSGSEND = YES;
				GCC_C_LANGUAGE_STANDARD = gnu11;
				GCC_NO_COMMON_BLOCKS = YES;
				GCC_WARN_64_TO_32_BIT_CONVERSION = YES;
				GCC_WARN_ABOUT_RETURN_TYPE = YES_ERROR;
				GCC_WARN_UNDECLARED_SELECTOR = YES;
				GCC_WARN_UNINITIALIZED_AUTOS = YES_AGGRESSIVE;
				GCC_WARN_UNUSED_FUNCTION = YES;
				GCC_WARN_UNUSED_VARIABLE = YES;
				IPHONEOS_DEPLOYMENT_TARGET = 11.4;
				MTL_ENABLE_DEBUG_INFO = NO;
				SDKROOT = iphoneos;
				VALIDATE_PRODUCT = YES;
			};
			name = Release;
		};
		48894E5F213DCEB9001B13A8 /* Debug */ = {
			isa = XCBuildConfiguration;
			buildSettings = {
				ASSETCATALOG_COMPILER_APPICON_NAME = AppIcon;
				CODE_SIGN_STYLE = Automatic;
				DEVELOPMENT_TEAM = 8826CYS3TV;
				INFOPLIST_FILE = "Maintain items/Info.plist";
				LD_RUNPATH_SEARCH_PATHS = (
					"$(inherited)",
					"@executable_path/Frameworks",
				);
				PRODUCT_BUNDLE_IDENTIFIER = "com.SmashAlley.Maintain-items";
				PRODUCT_NAME = "$(TARGET_NAME)";
				TARGETED_DEVICE_FAMILY = "1,2";
			};
			name = Debug;
		};
		48894E60213DCEB9001B13A8 /* Release */ = {
			isa = XCBuildConfiguration;
			buildSettings = {
				ASSETCATALOG_COMPILER_APPICON_NAME = AppIcon;
				CODE_SIGN_STYLE = Automatic;
				DEVELOPMENT_TEAM = 8826CYS3TV;
				INFOPLIST_FILE = "Maintain items/Info.plist";
				LD_RUNPATH_SEARCH_PATHS = (
					"$(inherited)",
					"@executable_path/Frameworks",
				);
				PRODUCT_BUNDLE_IDENTIFIER = "com.SmashAlley.Maintain-items";
				PRODUCT_NAME = "$(TARGET_NAME)";
				TARGETED_DEVICE_FAMILY = "1,2";
			};
			name = Release;
		};
/* End XCBuildConfiguration section */

/* Begin XCConfigurationList section */
		48894E43213DCEB6001B13A8 /* Build configuration list for PBXProject "Maintain items" */ = {
			isa = XCConfigurationList;
			buildConfigurations = (
				48894E5C213DCEB9001B13A8 /* Debug */,
				48894E5D213DCEB9001B13A8 /* Release */,
			);
			defaultConfigurationIsVisible = 0;
			defaultConfigurationName = Release;
		};
		48894E5E213DCEB9001B13A8 /* Build configuration list for PBXNativeTarget "Maintain items" */ = {
			isa = XCConfigurationList;
			buildConfigurations = (
				48894E5F213DCEB9001B13A8 /* Debug */,
				48894E60213DCEB9001B13A8 /* Release */,
			);
			defaultConfigurationIsVisible = 0;
			defaultConfigurationName = Release;
		};
/* End XCConfigurationList section */
	};
	rootObject = 48894E40213DCEB6001B13A8 /* Project object */;
}
